{
  "requires": true,
  "lockfileVersion": 1,
  "dependencies": {
    "diskspace": {
      "version": "2.0.0",
      "resolved": "https://registry.npmjs.org/diskspace/-/diskspace-2.0.0.tgz",
      "integrity": "sha1-/eO4jVzV4V0Je7QuVQcz4liMyRM="
    },
    "os-utils": {
      "version": "0.0.14",
      "resolved": "https://registry.npmjs.org/os-utils/-/os-utils-0.0.14.tgz",
      "integrity": "sha1-KeURaXsZgrjGJ3Ihdf45eX72QVY="
    }
  }
}
